{
  "name": "auto_work",
  "lockfileVersion": 3,
  "requires": true,
  "packages": {
    "": {
      "dependencies": {
        "@tauri-apps/api": "^2.6.0",
        "@tauri-apps/plugin-dialog": "^2.3.0",
        "@tauri-apps/plugin-fs": "^2.4.0"
      },
      "devDependencies": {
        "@types/node": "^24.0.12"
      }
    },
    "node_modules/@tauri-apps/api": {
      "version": "2.6.0",
      "resolved": "https://registry.npmjs.org/@tauri-apps/api/-/api-2.6.0.tgz",
      "integrity": "sha512-hRNcdercfgpzgFrMXWwNDBN0B7vNzOzRepy6ZAmhxi5mDLVPNrTpo9MGg2tN/F7JRugj4d2aF7E1rtPXAHaetg==",
      "funding": {
        "type": "opencollective",
        "url": "https://opencollective.com/tauri"
      }
    },
    "node_modules/@tauri-apps/plugin-dialog": {
      "version": "2.3.0",
      "resolved": "https://registry.npmjs.org/@tauri-apps/plugin-dialog/-/plugin-dialog-2.3.0.tgz",
      "integrity": "sha512-ylSBvYYShpGlKKh732ZuaHyJ5Ie1JR71QCXewCtsRLqGdc8Is4xWdz6t43rzXyvkItM9syNPMvFVcvjgEy+/GA==",
      "dependencies": {
        "@tauri-apps/api": "^2.6.0"
      }
    },
    "node_modules/@tauri-apps/plugin-fs": {
      "version": "2.4.0",
      "resolved": "https://registry.npmjs.org/@tauri-apps/plugin-fs/-/plugin-fs-2.4.0.tgz",
      "integrity": "sha512-Sp8AdDcbyXyk6LD6Pmdx44SH3LPeNAvxR2TFfq/8CwqzfO1yOyV+RzT8fov0NNN7d9nvW7O7MtMAptJ42YXA5g==",
      "dependencies": {
        "@tauri-apps/api": "^2.6.0"
      }
    },
    "node_modules/@types/node": {
      "version": "24.0.12",
      "resolved": "https://registry.npmjs.org/@types/node/-/node-24.0.12.tgz",
      "integrity": "sha512-LtOrbvDf5ndC9Xi+4QZjVL0woFymF/xSTKZKPgrrl7H7XoeDvnD+E2IclKVDyaK9UM756W/3BXqSU+JEHopA9g==",
      "dev": true,
      "license": "MIT",
      "dependencies": {
        "undici-types": "~7.8.0"
      }
    },
    "node_modules/undici-types": {
      "version": "7.8.0",
      "resolved": "https://registry.npmjs.org/undici-types/-/undici-types-7.8.0.tgz",
      "integrity": "sha512-9UJ2xGDvQ43tYyVMpuHlsgApydB8ZKfVYTsLDhXkFL/6gfkp+U8xTGdh8pMJv1SpZna0zxG1DwsKZsreLbXBxw==",
      "dev": true,
      "license": "MIT"
    }
  }
}
